
Microsoft Visual Studio Solution File, Format Version 12.00
# Visual Studio Version 16
VisualStudioVersion = 16.0.30804.86
MinimumVisualStudioVersion = 10.0.40219.1
Project("{FAE04EC0-301F-11D3-BF4B-00C04F79EFBC}") = "JeanaiRoberts_CE01", "JeanaiRoberts_CE01.csproj", "{2319D0ED-E809-47A8-8997-351E1F8C2505}"
EndProject
Global
	GlobalSection(SolutionConfigurationPlatforms) = preSolution
		Debug|Any CPU = Debug|Any CPU
		Release|Any CPU = Release|Any CPU
	EndGlobalSection
	GlobalSection(ProjectConfigurationPlatforms) = postSolution
		{2319D0ED-E809-47A8-8997-351E1F8C2505}.Debug|Any CPU.ActiveCfg = Debug|Any CPU
		{2319D0ED-E809-47A8-8997-351E1F8C2505}.Debug|Any CPU.Build.0 = Debug|Any CPU
		{2319D0ED-E809-47A8-8997-351E1F8C2505}.Release|Any CPU.ActiveCfg = Release|Any CPU
		{2319D0ED-E809-47A8-8997-351E1F8C2505}.Release|Any CPU.Build.0 = Release|Any CPU
	EndGlobalSection
	GlobalSection(SolutionProperties) = preSolution
		HideSolutionNode = FALSE
	EndGlobalSection
	GlobalSection(ExtensibilityGlobals) = postSolution
		SolutionGuid = {3FD3615D-DE7D-4874-A3D1-7C3168E0A729}
	EndGlobalSection
EndGlobal
